
Microsoft Visual Studio Solution File, Format Version 12.00
# Visual Studio 15
VisualStudioVersion = 15.0.27130.0
MinimumVisualStudioVersion = 10.0.40219.1
Project("{9A19103F-16F7-4668-BE54-9A1E7A4F7556}") = "WordReminder.Api", "WordReminder.Api\WordReminder.Api.csproj", "{DC7CC3B2-9F77-4EFC-BCE3-B48AC8B65196}"
EndProject
Project("{9A19103F-16F7-4668-BE54-9A1E7A4F7556}") = "WordReminder.Data", "WordReminder.Data\WordReminder.Data.csproj", "{C5CA5EB2-A7F5-4ABC-BCDC-84AC4BE05605}"
EndProject
Project("{FAE04EC0-301F-11D3-BF4B-00C04F79EFBC}") = "WordReminder.Biz", "WordReminder.Biz\WordReminder.Biz.csproj", "{96E9CB17-32B4-4920-BD37-F46BFA81E336}"
EndProject
Project("{FAE04EC0-301F-11D3-BF4B-00C04F79EFBC}") = "WordReminder.Web", "WordReminder.Web\WordReminder.Web.csproj", "{A5429E6D-C660-45F2-8C63-BC7049E9A316}"
EndProject
Global
	GlobalSection(SolutionConfigurationPlatforms) = preSolution
		Debug|Any CPU = Debug|Any CPU
		Release|Any CPU = Release|Any CPU
	EndGlobalSection
	GlobalSection(ProjectConfigurationPlatforms) = postSolution
		{DC7CC3B2-9F77-4EFC-BCE3-B48AC8B65196}.Debug|Any CPU.ActiveCfg = Debug|Any CPU
		{DC7CC3B2-9F77-4EFC-BCE3-B48AC8B65196}.Debug|Any CPU.Build.0 = Debug|Any CPU
		{DC7CC3B2-9F77-4EFC-BCE3-B48AC8B65196}.Release|Any CPU.ActiveCfg = Release|Any CPU
		{DC7CC3B2-9F77-4EFC-BCE3-B48AC8B65196}.Release|Any CPU.Build.0 = Release|Any CPU
		{C5CA5EB2-A7F5-4ABC-BCDC-84AC4BE05605}.Debug|Any CPU.ActiveCfg = Debug|Any CPU
		{C5CA5EB2-A7F5-4ABC-BCDC-84AC4BE05605}.Debug|Any CPU.Build.0 = Debug|Any CPU
		{C5CA5EB2-A7F5-4ABC-BCDC-84AC4BE05605}.Release|Any CPU.ActiveCfg = Release|Any CPU
		{C5CA5EB2-A7F5-4ABC-BCDC-84AC4BE05605}.Release|Any CPU.Build.0 = Release|Any CPU
		{96E9CB17-32B4-4920-BD37-F46BFA81E336}.Debug|Any CPU.ActiveCfg = Debug|Any CPU
		{96E9CB17-32B4-4920-BD37-F46BFA81E336}.Debug|Any CPU.Build.0 = Debug|Any CPU
		{96E9CB17-32B4-4920-BD37-F46BFA81E336}.Release|Any CPU.ActiveCfg = Release|Any CPU
		{96E9CB17-32B4-4920-BD37-F46BFA81E336}.Release|Any CPU.Build.0 = Release|Any CPU
		{A5429E6D-C660-45F2-8C63-BC7049E9A316}.Debug|Any CPU.ActiveCfg = Debug|Any CPU
		{A5429E6D-C660-45F2-8C63-BC7049E9A316}.Debug|Any CPU.Build.0 = Debug|Any CPU
		{A5429E6D-C660-45F2-8C63-BC7049E9A316}.Release|Any CPU.ActiveCfg = Release|Any CPU
		{A5429E6D-C660-45F2-8C63-BC7049E9A316}.Release|Any CPU.Build.0 = Release|Any CPU
	EndGlobalSection
	GlobalSection(SolutionProperties) = preSolution
		HideSolutionNode = FALSE
	EndGlobalSection
	GlobalSection(ExtensibilityGlobals) = postSolution
		SolutionGuid = {DE184C3C-25AD-4FBD-9E7A-8B9407FC11AC}
	EndGlobalSection
EndGlobal
